
Microsoft Visual Studio Solution File, Format Version 12.00
# Visual Studio Version 16
VisualStudioVersion = 16.0.31321.278
MinimumVisualStudioVersion = 10.0.40219.1
Project("{9A19103F-16F7-4668-BE54-9A1E7A4F7556}") = "DCV_1", "DCV_1\DCV_1.csproj", "{77E5378B-ED73-474C-A198-DFBCA6537DE4}"
EndProject
Project("{9A19103F-16F7-4668-BE54-9A1E7A4F7556}") = "DCV_2", "DCV_2\DCV_2.csproj", "{A2624CB7-8CCB-443B-8595-6BD0A7EF238E}"
EndProject
Project("{FAE04EC0-301F-11D3-BF4B-00C04F79EFBC}") = "DCV_3", "DCV_3\DCV_3.csproj", "{7DAEF569-0937-4CD9-A982-E06F191BB101}"
EndProject
Global
	GlobalSection(SolutionConfigurationPlatforms) = preSolution
		Debug|Any CPU = Debug|Any CPU
		Release|Any CPU = Release|Any CPU
	EndGlobalSection
	GlobalSection(ProjectConfigurationPlatforms) = postSolution
		{77E5378B-ED73-474C-A198-DFBCA6537DE4}.Debug|Any CPU.ActiveCfg = Debug|Any CPU
		{77E5378B-ED73-474C-A198-DFBCA6537DE4}.Debug|Any CPU.Build.0 = Debug|Any CPU
		{77E5378B-ED73-474C-A198-DFBCA6537DE4}.Release|Any CPU.ActiveCfg = Release|Any CPU
		{77E5378B-ED73-474C-A198-DFBCA6537DE4}.Release|Any CPU.Build.0 = Release|Any CPU
		{A2624CB7-8CCB-443B-8595-6BD0A7EF238E}.Debug|Any CPU.ActiveCfg = Debug|Any CPU
		{A2624CB7-8CCB-443B-8595-6BD0A7EF238E}.Debug|Any CPU.Build.0 = Debug|Any CPU
		{A2624CB7-8CCB-443B-8595-6BD0A7EF238E}.Release|Any CPU.ActiveCfg = Release|Any CPU
		{A2624CB7-8CCB-443B-8595-6BD0A7EF238E}.Release|Any CPU.Build.0 = Release|Any CPU
		{7DAEF569-0937-4CD9-A982-E06F191BB101}.Debug|Any CPU.ActiveCfg = Debug|Any CPU
		{7DAEF569-0937-4CD9-A982-E06F191BB101}.Debug|Any CPU.Build.0 = Debug|Any CPU
		{7DAEF569-0937-4CD9-A982-E06F191BB101}.Release|Any CPU.ActiveCfg = Release|Any CPU
		{7DAEF569-0937-4CD9-A982-E06F191BB101}.Release|Any CPU.Build.0 = Release|Any CPU
	EndGlobalSection
	GlobalSection(SolutionProperties) = preSolution
		HideSolutionNode = FALSE
	EndGlobalSection
	GlobalSection(ExtensibilityGlobals) = postSolution
		SolutionGuid = {FA470C6B-478A-491F-9D35-E71A45A3F490}
	EndGlobalSection
EndGlobal
